{
  "name": "scripts",
  "version": "1.0.0",
  "lockfileVersion": 1,
  "requires": true,
  "dependencies": {
    "dayjs": {
      "version": "1.10.7",
      "resolved": "https://registry.npmjs.org/dayjs/-/dayjs-1.10.7.tgz",
      "integrity": "sha512-P6twpd70BcPK34K26uJ1KT3wlhpuOAPoMwJzpsIWUxHZ7wpmbdZL/hQqBDfz7hGurYSa5PhzdhDHtt319hL3ig=="
    },
    "json2plain": {
      "version": "0.1.1",
      "resolved": "https://registry.npmjs.org/json2plain/-/json2plain-0.1.1.tgz",
      "integrity": "sha1-y/1l8877YvpYEVY/txVx707oopU="
    },
    "simple-datatables": {
      "version": "3.1.2",
      "resolved": "https://registry.npmjs.org/simple-datatables/-/simple-datatables-3.1.2.tgz",
      "integrity": "sha512-WRUKautqfJTZYwZRyx2YCd7MhUyx3SKnKcpdRZGbj1kljz4L8YTI51jnZNwLRYopb4jhCozxN/3F7/4KS273WA==",
      "requires": {
        "dayjs": "^1.10.6"
      }
    }
  }
}
